// !$*UTF8*$!
{
	archiveVersion = 1;
	classes = {
	};
	objectVersion = 50;
	objects = {

/* Begin PBXBuildFile section */
		67CC279B2133A041004FF70F /* main.cpp in Sources */ = {isa = PBXBuildFile; fileRef = 67CC279A2133A041004FF70F /* main.cpp */; };
		67CC27A42133A38C004FF70F /* liblibsolar.a in Frameworks */ = {isa = PBXBuildFile; fileRef = 67CC27A22133A35B004FF70F /* liblibsolar.a */; };
/* End PBXBuildFile section */

/* Begin PBXContainerItemProxy section */
		674AEF492133A80F00587E3C /* PBXContainerItemProxy */ = {
			isa = PBXContainerItemProxy;
			containerPortal = 674AEF452133A80F00587E3C /* libsolar.xcodeproj */;
			proxyType = 2;
			remoteGlobalIDString = 67346FFB21339ED40070E767;
			remoteInfo = libsolar;
		};
/* End PBXContainerItemProxy section */

/* Begin PBXCopyFilesBuildPhase section */
		67CC27952133A041004FF70F /* CopyFiles */ = {
			isa = PBXCopyFilesBuildPhase;
			buildActionMask = 2147483647;
			dstPath = /usr/share/man/man1/;
			dstSubfolderSpec = 0;
			files = (
			);
			runOnlyForDeploymentPostprocessing = 1;
		};
/* End PBXCopyFilesBuildPhase section */

/* Begin PBXFileReference section */
		674AEF452133A80F00587E3C /* libsolar.xcodeproj */ = {isa = PBXFileReference; lastKnownFileType = "wrapper.pb-project"; name = libsolar.xcodeproj; path = ../libsolar/libsolar.xcodeproj; sourceTree = "<group>"; };
		67CC27972133A041004FF70F /* BotService */ = {isa = PBXFileReference; explicitFileType = "compiled.mach-o.executable"; includeInIndex = 0; path = BotService; sourceTree = BUILT_PRODUCTS_DIR; };
		67CC279A2133A041004FF70F /* main.cpp */ = {isa = PBXFileReference; lastKnownFileType = sourcecode.cpp.cpp; path = main.cpp; sourceTree = "<group>"; };
		67CC27A22133A35B004FF70F /* liblibsolar.a */ = {isa = PBXFileReference; explicitFileType = archive.ar; path = liblibsolar.a; sourceTree = BUILT_PRODUCTS_DIR; };
/* End PBXFileReference section */

/* Begin PBXFrameworksBuildPhase section */
		67CC27942133A041004FF70F /* Frameworks */ = {
			isa = PBXFrameworksBuildPhase;
			buildActionMask = 2147483647;
			files = (
				67CC27A42133A38C004FF70F /* liblibsolar.a in Frameworks */,
			);
			runOnlyForDeploymentPostprocessing = 0;
		};
/* End PBXFrameworksBuildPhase section */

/* Begin PBXGroup section */
		674AEF462133A80F00587E3C /* Products */ = {
			isa = PBXGroup;
			children = (
				674AEF4A2133A80F00587E3C /* liblibsolar.a */,
			);
			name = Products;
			sourceTree = "<group>";
		};
		67CC278E2133A041004FF70F = {
			isa = PBXGroup;
			children = (
				67CC27992133A041004FF70F /* BotService */,
				67CC27982133A041004FF70F /* Products */,
				67CC27A12133A35B004FF70F /* Frameworks */,
			);
			sourceTree = "<group>";
		};
		67CC27982133A041004FF70F /* Products */ = {
			isa = PBXGroup;
			children = (
				67CC27972133A041004FF70F /* BotService */,
			);
			name = Products;
			sourceTree = "<group>";
		};
		67CC27992133A041004FF70F /* BotService */ = {
			isa = PBXGroup;
			children = (
				67CC279A2133A041004FF70F /* main.cpp */,
			);
			path = BotService;
			sourceTree = "<group>";
		};
		67CC27A12133A35B004FF70F /* Frameworks */ = {
			isa = PBXGroup;
			children = (
				674AEF452133A80F00587E3C /* libsolar.xcodeproj */,
				67CC27A22133A35B004FF70F /* liblibsolar.a */,
			);
			name = Frameworks;
			sourceTree = "<group>";
		};
/* End PBXGroup section */

/* Begin PBXNativeTarget section */
		67CC27962133A041004FF70F /* BotService */ = {
			isa = PBXNativeTarget;
			buildConfigurationList = 67CC279E2133A041004FF70F /* Build configuration list for PBXNativeTarget "BotService" */;
			buildPhases = (
				67CC27932133A041004FF70F /* Sources */,
				67CC27942133A041004FF70F /* Frameworks */,
				67CC27952133A041004FF70F /* CopyFiles */,
			);
			buildRules = (
			);
			dependencies = (
			);
			name = BotService;
			productName = BotService;
			productReference = 67CC27972133A041004FF70F /* BotService */;
			productType = "com.apple.product-type.tool";
		};
/* End PBXNativeTarget section */

/* Begin PBXProject section */
		67CC278F2133A041004FF70F /* Project object */ = {
			isa = PBXProject;
			attributes = {
				LastUpgradeCheck = 0940;
				ORGANIZATIONNAME = "GUSTAVO CAMPOS";
				TargetAttributes = {
					67CC27962133A041004FF70F = {
						CreatedOnToolsVersion = 9.4.1;
					};
				};
			};
			buildConfigurationList = 67CC27922133A041004FF70F /* Build configuration list for PBXProject "BotService" */;
			compatibilityVersion = "Xcode 9.3";
			developmentRegion = en;
			hasScannedForEncodings = 0;
			knownRegions = (
				en,
			);
			mainGroup = 67CC278E2133A041004FF70F;
			productRefGroup = 67CC27982133A041004FF70F /* Products */;
			projectDirPath = "";
			projectReferences = (
				{
					ProductGroup = 674AEF462133A80F00587E3C /* Products */;
					ProjectRef = 674AEF452133A80F00587E3C /* libsolar.xcodeproj */;
				},
			);
			projectRoot = "";
			targets = (
				67CC27962133A041004FF70F /* BotService */,
			);
		};
/* End PBXProject section */

/* Begin PBXReferenceProxy section */
		674AEF4A2133A80F00587E3C /* liblibsolar.a */ = {
			isa = PBXReferenceProxy;
			fileType = archive.ar;
			path = liblibsolar.a;
			remoteRef = 674AEF492133A80F00587E3C /* PBXContainerItemProxy */;
			sourceTree = BUILT_PRODUCTS_DIR;
		};
/* End PBXReferenceProxy section */

/* Begin PBXSourcesBuildPhase section */
		67CC27932133A041004FF70F /* Sources */ = {
			isa = PBXSourcesBuildPhase;
			buildActionMask = 2147483647;
			files = (
				67CC279B2133A041004FF70F /* main.cpp in Sources */,
			);
			runOnlyForDeploymentPostprocessing = 0;
		};
/* End PBXSourcesBuildPhase section */

/* Begin XCBuildConfiguration section */
		67CC279C2133A041004FF70F /* Debug */ = {
			isa = XCBuildConfiguration;
			buildSettings = {
				ALWAYS_SEARCH_USER_PATHS = NO;
				CLANG_ANALYZER_NONNULL = YES;
				CLANG_ANALYZER_NUMBER_OBJECT_CONVERSION = YES_AGGRESSIVE;
				CLANG_CXX_LANGUAGE_STANDARD = "gnu++14";
				CLANG_CXX_LIBRARY = "libc++";
				CLANG_ENABLE_MODULES = YES;
				CLANG_ENABLE_OBJC_ARC = YES;
				CLANG_ENABLE_OBJC_WEAK = YES;
				CLANG_WARN_BLOCK_CAPTURE_AUTORELEASING = YES;
				CLANG_WARN_BOOL_CONVERSION = YES;
				CLANG_WARN_COMMA = YES;
				CLANG_WARN_CONSTANT_CONVERSION = YES;
				CLANG_WARN_DEPRECATED_OBJC_IMPLEMENTATIONS = YES;
				CLANG_WARN_DIRECT_OBJC_ISA_USAGE = YES_ERROR;
				CLANG_WARN_DOCUMENTATION_COMMENTS = YES;
				CLANG_WARN_EMPTY_BODY = YES;
				CLANG_WARN_ENUM_CONVERSION = YES;
				CLANG_WARN_INFINITE_RECURSION = YES;
				CLANG_WARN_INT_CONVERSION = YES;
				CLANG_WARN_NON_LITERAL_NULL_CONVERSION = YES;
				CLANG_WARN_OBJC_IMPLICIT_RETAIN_SELF = YES;
				CLANG_WARN_OBJC_LITERAL_CONVERSION = YES;
				CLANG_WARN_OBJC_ROOT_CLASS = YES_ERROR;
				CLANG_WARN_RANGE_LOOP_ANALYSIS = YES;
				CLANG_WARN_STRICT_PROTOTYPES = YES;
				CLANG_WARN_SUSPICIOUS_MOVE = YES;
				CLANG_WARN_UNGUARDED_AVAILABILITY = YES_AGGRESSIVE;
				CLANG_WARN_UNREACHABLE_CODE = YES;
				CLANG_WARN__DUPLICATE_METHOD_MATCH = YES;
				CODE_SIGN_IDENTITY = "-";
				COPY_PHASE_STRIP = NO;
				DEBUG_INFORMATION_FORMAT = dwarf;
				ENABLE_STRICT_OBJC_MSGSEND = YES;
				ENABLE_TESTABILITY = YES;
				GCC_C_LANGUAGE_STANDARD = gnu11;
				GCC_DYNAMIC_NO_PIC = NO;
				GCC_NO_COMMON_BLOCKS = YES;
				GCC_OPTIMIZATION_LEVEL = 0;
				GCC_PREPROCESSOR_DEFINITIONS = (
					"DEBUG=1",
					"$(inherited)",
				);
				GCC_WARN_64_TO_32_BIT_CONVERSION = YES;
				GCC_WARN_ABOUT_RETURN_TYPE = YES_ERROR;
				GCC_WARN_UNDECLARED_SELECTOR = YES;
				GCC_WARN_UNINITIALIZED_AUTOS = YES_AGGRESSIVE;
				GCC_WARN_UNUSED_FUNCTION = YES;
				GCC_WARN_UNUSED_VARIABLE = YES;
				MACOSX_DEPLOYMENT_TARGET = 10.13;
				MTL_ENABLE_DEBUG_INFO = YES;
				ONLY_ACTIVE_ARCH = YES;
				SDKROOT = macosx;
			};
			name = Debug;
		};
		67CC279D2133A041004FF70F /* Release */ = {
			isa = XCBuildConfiguration;
			buildSettings = {
				ALWAYS_SEARCH_USER_PATHS = NO;
				CLANG_ANALYZER_NONNULL = YES;
				CLANG_ANALYZER_NUMBER_OBJECT_CONVERSION = YES_AGGRESSIVE;
				CLANG_CXX_LANGUAGE_STANDARD = "gnu++14";
				CLANG_CXX_LIBRARY = "libc++";
				CLANG_ENABLE_MODULES = YES;
				CLANG_ENABLE_OBJC_ARC = YES;
				CLANG_ENABLE_OBJC_WEAK = YES;
				CLANG_WARN_BLOCK_CAPTURE_AUTORELEASING = YES;
				CLANG_WARN_BOOL_CONVERSION = YES;
				CLANG_WARN_COMMA = YES;
				CLANG_WARN_CONSTANT_CONVERSION = YES;
				CLANG_WARN_DEPRECATED_OBJC_IMPLEMENTATIONS = YES;
				CLANG_WARN_DIRECT_OBJC_ISA_USAGE = YES_ERROR;
				CLANG_WARN_DOCUMENTATION_COMMENTS = YES;
				CLANG_WARN_EMPTY_BODY = YES;
				CLANG_WARN_ENUM_CONVERSION = YES;
				CLANG_WARN_INFINITE_RECURSION = YES;
				CLANG_WARN_INT_CONVERSION = YES;
				CLANG_WARN_NON_LITERAL_NULL_CONVERSION = YES;
				CLANG_WARN_OBJC_IMPLICIT_RETAIN_SELF = YES;
				CLANG_WARN_OBJC_LITERAL_CONVERSION = YES;
				CLANG_WARN_OBJC_ROOT_CLASS = YES_ERROR;
				CLANG_WARN_RANGE_LOOP_ANALYSIS = YES;
				CLANG_WARN_STRICT_PROTOTYPES = YES;
				CLANG_WARN_SUSPICIOUS_MOVE = YES;
				CLANG_WARN_UNGUARDED_AVAILABILITY = YES_AGGRESSIVE;
				CLANG_WARN_UNREACHABLE_CODE = YES;
				CLANG_WARN__DUPLICATE_METHOD_MATCH = YES;
				CODE_SIGN_IDENTITY = "-";
				COPY_PHASE_STRIP = NO;
				DEBUG_INFORMATION_FORMAT = "dwarf-with-dsym";
				ENABLE_NS_ASSERTIONS = NO;
				ENABLE_STRICT_OBJC_MSGSEND = YES;
				GCC_C_LANGUAGE_STANDARD = gnu11;
				GCC_NO_COMMON_BLOCKS = YES;
				GCC_WARN_64_TO_32_BIT_CONVERSION = YES;
				GCC_WARN_ABOUT_RETURN_TYPE = YES_ERROR;
				GCC_WARN_UNDECLARED_SELECTOR = YES;
				GCC_WARN_UNINITIALIZED_AUTOS = YES_AGGRESSIVE;
				GCC_WARN_UNUSED_FUNCTION = YES;
				GCC_WARN_UNUSED_VARIABLE = YES;
				MACOSX_DEPLOYMENT_TARGET = 10.13;
				MTL_ENABLE_DEBUG_INFO = NO;
				SDKROOT = macosx;
			};
			name = Release;
		};
		67CC279F2133A041004FF70F /* Debug */ = {
			isa = XCBuildConfiguration;
			buildSettings = {
				CODE_SIGN_STYLE = Automatic;
				HEADER_SEARCH_PATHS = ../libsolar;
				OTHER_LDFLAGS = (
					"-l",
					sqlite3,
				);
				PRODUCT_NAME = "$(TARGET_NAME)";
			};
			name = Debug;
		};
		67CC27A02133A041004FF70F /* Release */ = {
			isa = XCBuildConfiguration;
			buildSettings = {
				CODE_SIGN_STYLE = Automatic;
				HEADER_SEARCH_PATHS = ../libsolar;
				OTHER_LDFLAGS = (
					"-l",
					sqlite3,
				);
				PRODUCT_NAME = "$(TARGET_NAME)";
			};
			name = Release;
		};
/* End XCBuildConfiguration section */

/* Begin XCConfigurationList section */
		67CC27922133A041004FF70F /* Build configuration list for PBXProject "BotService" */ = {
			isa = XCConfigurationList;
			buildConfigurations = (
				67CC279C2133A041004FF70F /* Debug */,
				67CC279D2133A041004FF70F /* Release */,
			);
			defaultConfigurationIsVisible = 0;
			defaultConfigurationName = Release;
		};
		67CC279E2133A041004FF70F /* Build configuration list for PBXNativeTarget "BotService" */ = {
			isa = XCConfigurationList;
			buildConfigurations = (
				67CC279F2133A041004FF70F /* Debug */,
				67CC27A02133A041004FF70F /* Release */,
			);
			defaultConfigurationIsVisible = 0;
			defaultConfigurationName = Release;
		};
/* End XCConfigurationList section */
	};
	rootObject = 67CC278F2133A041004FF70F /* Project object */;
}
